
Microsoft Visual Studio Solution File, Format Version 12.00
# Visual Studio 15
VisualStudioVersion = 15.0.26124.0
MinimumVisualStudioVersion = 15.0.26124.0
Project("{FAE04EC0-301F-11D3-BF4B-00C04F79EFBC}") = "BDSA2020.Api", "BDSA2020.Api\BDSA2020.Api.csproj", "{CA0F984C-1AE6-405E-A04C-652CD8AA5F89}"
EndProject
Project("{FAE04EC0-301F-11D3-BF4B-00C04F79EFBC}") = "BDSA2020.Entities", "BDSA2020.Entities\BDSA2020.Entities.csproj", "{C2A6E716-989D-4413-AD9A-9232D6DBBECA}"
EndProject
Project("{FAE04EC0-301F-11D3-BF4B-00C04F79EFBC}") = "BDSA2020.Models", "BDSA2020.Models\BDSA2020.Models.csproj", "{D2C2A0E7-9AA0-4C38-A2FE-C8BB7801724F}"
EndProject
Project("{FAE04EC0-301F-11D3-BF4B-00C04F79EFBC}") = "BDSA2020.Models.Tests", "BDSA2020.Models.Tests\BDSA2020.Models.Tests.csproj", "{096C81C1-0F7A-4696-8D7E-6DE89FEE4BA4}"
EndProject
Project("{FAE04EC0-301F-11D3-BF4B-00C04F79EFBC}") = "BDSA2020.View", "BDSA2020.View\BDSA2020.View.csproj", "{A6C7D7EF-41B4-4021-A975-2A16660FC424}"
EndProject
Project("{FAE04EC0-301F-11D3-BF4B-00C04F79EFBC}") = "BDSA2020.Api.Tests", "BDSA2020.Api.Tests\BDSA2020.Api.Tests.csproj", "{B467CE25-0E25-4DA2-BAA9-432E04D157DC}"
EndProject
Project("{FAE04EC0-301F-11D3-BF4B-00C04F79EFBC}") = "BDSA2020.View.Tests", "BDSA2020.View.Tests\BDSA2020.View.Tests.csproj", "{13353D5A-824C-4939-A253-69F1607F17E2}"
EndProject
Project("{FAE04EC0-301F-11D3-BF4B-00C04F79EFBC}") = "BDSA2020.Shared", "BDSA2020.Shared\BDSA2020.Shared.csproj", "{DE66AEED-4592-411C-A3D2-3F36D262A5EA}"
EndProject
Global
	GlobalSection(SolutionConfigurationPlatforms) = preSolution
		Debug|Any CPU = Debug|Any CPU
		Debug|x64 = Debug|x64
		Debug|x86 = Debug|x86
		Release|Any CPU = Release|Any CPU
		Release|x64 = Release|x64
		Release|x86 = Release|x86
	EndGlobalSection
	GlobalSection(SolutionProperties) = preSolution
		HideSolutionNode = FALSE
	EndGlobalSection
	GlobalSection(ProjectConfigurationPlatforms) = postSolution
		{CA0F984C-1AE6-405E-A04C-652CD8AA5F89}.Debug|Any CPU.ActiveCfg = Debug|Any CPU
		{CA0F984C-1AE6-405E-A04C-652CD8AA5F89}.Debug|Any CPU.Build.0 = Debug|Any CPU
		{CA0F984C-1AE6-405E-A04C-652CD8AA5F89}.Debug|x64.ActiveCfg = Debug|Any CPU
		{CA0F984C-1AE6-405E-A04C-652CD8AA5F89}.Debug|x64.Build.0 = Debug|Any CPU
		{CA0F984C-1AE6-405E-A04C-652CD8AA5F89}.Debug|x86.ActiveCfg = Debug|Any CPU
		{CA0F984C-1AE6-405E-A04C-652CD8AA5F89}.Debug|x86.Build.0 = Debug|Any CPU
		{CA0F984C-1AE6-405E-A04C-652CD8AA5F89}.Release|Any CPU.ActiveCfg = Release|Any CPU
		{CA0F984C-1AE6-405E-A04C-652CD8AA5F89}.Release|Any CPU.Build.0 = Release|Any CPU
		{CA0F984C-1AE6-405E-A04C-652CD8AA5F89}.Release|x64.ActiveCfg = Release|Any CPU
		{CA0F984C-1AE6-405E-A04C-652CD8AA5F89}.Release|x64.Build.0 = Release|Any CPU
		{CA0F984C-1AE6-405E-A04C-652CD8AA5F89}.Release|x86.ActiveCfg = Release|Any CPU
		{CA0F984C-1AE6-405E-A04C-652CD8AA5F89}.Release|x86.Build.0 = Release|Any CPU
		{C2A6E716-989D-4413-AD9A-9232D6DBBECA}.Debug|Any CPU.ActiveCfg = Debug|Any CPU
		{C2A6E716-989D-4413-AD9A-9232D6DBBECA}.Debug|Any CPU.Build.0 = Debug|Any CPU
		{C2A6E716-989D-4413-AD9A-9232D6DBBECA}.Debug|x64.ActiveCfg = Debug|Any CPU
		{C2A6E716-989D-4413-AD9A-9232D6DBBECA}.Debug|x64.Build.0 = Debug|Any CPU
		{C2A6E716-989D-4413-AD9A-9232D6DBBECA}.Debug|x86.ActiveCfg = Debug|Any CPU
		{C2A6E716-989D-4413-AD9A-9232D6DBBECA}.Debug|x86.Build.0 = Debug|Any CPU
		{C2A6E716-989D-4413-AD9A-9232D6DBBECA}.Release|Any CPU.ActiveCfg = Release|Any CPU
		{C2A6E716-989D-4413-AD9A-9232D6DBBECA}.Release|Any CPU.Build.0 = Release|Any CPU
		{C2A6E716-989D-4413-AD9A-9232D6DBBECA}.Release|x64.ActiveCfg = Release|Any CPU
		{C2A6E716-989D-4413-AD9A-9232D6DBBECA}.Release|x64.Build.0 = Release|Any CPU
		{C2A6E716-989D-4413-AD9A-9232D6DBBECA}.Release|x86.ActiveCfg = Release|Any CPU
		{C2A6E716-989D-4413-AD9A-9232D6DBBECA}.Release|x86.Build.0 = Release|Any CPU
		{D2C2A0E7-9AA0-4C38-A2FE-C8BB7801724F}.Debug|Any CPU.ActiveCfg = Debug|Any CPU
		{D2C2A0E7-9AA0-4C38-A2FE-C8BB7801724F}.Debug|Any CPU.Build.0 = Debug|Any CPU
		{D2C2A0E7-9AA0-4C38-A2FE-C8BB7801724F}.Debug|x64.ActiveCfg = Debug|Any CPU
		{D2C2A0E7-9AA0-4C38-A2FE-C8BB7801724F}.Debug|x64.Build.0 = Debug|Any CPU
		{D2C2A0E7-9AA0-4C38-A2FE-C8BB7801724F}.Debug|x86.ActiveCfg = Debug|Any CPU
		{D2C2A0E7-9AA0-4C38-A2FE-C8BB7801724F}.Debug|x86.Build.0 = Debug|Any CPU
		{D2C2A0E7-9AA0-4C38-A2FE-C8BB7801724F}.Release|Any CPU.ActiveCfg = Release|Any CPU
		{D2C2A0E7-9AA0-4C38-A2FE-C8BB7801724F}.Release|Any CPU.Build.0 = Release|Any CPU
		{D2C2A0E7-9AA0-4C38-A2FE-C8BB7801724F}.Release|x64.ActiveCfg = Release|Any CPU
		{D2C2A0E7-9AA0-4C38-A2FE-C8BB7801724F}.Release|x64.Build.0 = Release|Any CPU
		{D2C2A0E7-9AA0-4C38-A2FE-C8BB7801724F}.Release|x86.ActiveCfg = Release|Any CPU
		{D2C2A0E7-9AA0-4C38-A2FE-C8BB7801724F}.Release|x86.Build.0 = Release|Any CPU
		{096C81C1-0F7A-4696-8D7E-6DE89FEE4BA4}.Debug|Any CPU.ActiveCfg = Debug|Any CPU
		{096C81C1-0F7A-4696-8D7E-6DE89FEE4BA4}.Debug|Any CPU.Build.0 = Debug|Any CPU
		{096C81C1-0F7A-4696-8D7E-6DE89FEE4BA4}.Debug|x64.ActiveCfg = Debug|Any CPU
		{096C81C1-0F7A-4696-8D7E-6DE89FEE4BA4}.Debug|x64.Build.0 = Debug|Any CPU
		{096C81C1-0F7A-4696-8D7E-6DE89FEE4BA4}.Debug|x86.ActiveCfg = Debug|Any CPU
		{096C81C1-0F7A-4696-8D7E-6DE89FEE4BA4}.Debug|x86.Build.0 = Debug|Any CPU
		{096C81C1-0F7A-4696-8D7E-6DE89FEE4BA4}.Release|Any CPU.ActiveCfg = Release|Any CPU
		{096C81C1-0F7A-4696-8D7E-6DE89FEE4BA4}.Release|Any CPU.Build.0 = Release|Any CPU
		{096C81C1-0F7A-4696-8D7E-6DE89FEE4BA4}.Release|x64.ActiveCfg = Release|Any CPU
		{096C81C1-0F7A-4696-8D7E-6DE89FEE4BA4}.Release|x64.Build.0 = Release|Any CPU
		{096C81C1-0F7A-4696-8D7E-6DE89FEE4BA4}.Release|x86.ActiveCfg = Release|Any CPU
		{096C81C1-0F7A-4696-8D7E-6DE89FEE4BA4}.Release|x86.Build.0 = Release|Any CPU
		{A6C7D7EF-41B4-4021-A975-2A16660FC424}.Debug|Any CPU.ActiveCfg = Debug|Any CPU
		{A6C7D7EF-41B4-4021-A975-2A16660FC424}.Debug|Any CPU.Build.0 = Debug|Any CPU
		{A6C7D7EF-41B4-4021-A975-2A16660FC424}.Debug|x64.ActiveCfg = Debug|Any CPU
		{A6C7D7EF-41B4-4021-A975-2A16660FC424}.Debug|x64.Build.0 = Debug|Any CPU
		{A6C7D7EF-41B4-4021-A975-2A16660FC424}.Debug|x86.ActiveCfg = Debug|Any CPU
		{A6C7D7EF-41B4-4021-A975-2A16660FC424}.Debug|x86.Build.0 = Debug|Any CPU
		{A6C7D7EF-41B4-4021-A975-2A16660FC424}.Release|Any CPU.ActiveCfg = Release|Any CPU
		{A6C7D7EF-41B4-4021-A975-2A16660FC424}.Release|Any CPU.Build.0 = Release|Any CPU
		{A6C7D7EF-41B4-4021-A975-2A16660FC424}.Release|x64.ActiveCfg = Release|Any CPU
		{A6C7D7EF-41B4-4021-A975-2A16660FC424}.Release|x64.Build.0 = Release|Any CPU
		{A6C7D7EF-41B4-4021-A975-2A16660FC424}.Release|x86.ActiveCfg = Release|Any CPU
		{A6C7D7EF-41B4-4021-A975-2A16660FC424}.Release|x86.Build.0 = Release|Any CPU
		{B467CE25-0E25-4DA2-BAA9-432E04D157DC}.Debug|Any CPU.ActiveCfg = Debug|Any CPU
		{B467CE25-0E25-4DA2-BAA9-432E04D157DC}.Debug|Any CPU.Build.0 = Debug|Any CPU
		{B467CE25-0E25-4DA2-BAA9-432E04D157DC}.Debug|x64.ActiveCfg = Debug|Any CPU
		{B467CE25-0E25-4DA2-BAA9-432E04D157DC}.Debug|x64.Build.0 = Debug|Any CPU
		{B467CE25-0E25-4DA2-BAA9-432E04D157DC}.Debug|x86.ActiveCfg = Debug|Any CPU
		{B467CE25-0E25-4DA2-BAA9-432E04D157DC}.Debug|x86.Build.0 = Debug|Any CPU
		{B467CE25-0E25-4DA2-BAA9-432E04D157DC}.Release|Any CPU.ActiveCfg = Release|Any CPU
		{B467CE25-0E25-4DA2-BAA9-432E04D157DC}.Release|Any CPU.Build.0 = Release|Any CPU
		{B467CE25-0E25-4DA2-BAA9-432E04D157DC}.Release|x64.ActiveCfg = Release|Any CPU
		{B467CE25-0E25-4DA2-BAA9-432E04D157DC}.Release|x64.Build.0 = Release|Any CPU
		{B467CE25-0E25-4DA2-BAA9-432E04D157DC}.Release|x86.ActiveCfg = Release|Any CPU
		{B467CE25-0E25-4DA2-BAA9-432E04D157DC}.Release|x86.Build.0 = Release|Any CPU
		{13353D5A-824C-4939-A253-69F1607F17E2}.Debug|Any CPU.ActiveCfg = Debug|Any CPU
		{13353D5A-824C-4939-A253-69F1607F17E2}.Debug|Any CPU.Build.0 = Debug|Any CPU
		{13353D5A-824C-4939-A253-69F1607F17E2}.Debug|x64.ActiveCfg = Debug|Any CPU
		{13353D5A-824C-4939-A253-69F1607F17E2}.Debug|x64.Build.0 = Debug|Any CPU
		{13353D5A-824C-4939-A253-69F1607F17E2}.Debug|x86.ActiveCfg = Debug|Any CPU
		{13353D5A-824C-4939-A253-69F1607F17E2}.Debug|x86.Build.0 = Debug|Any CPU
		{13353D5A-824C-4939-A253-69F1607F17E2}.Release|Any CPU.ActiveCfg = Release|Any CPU
		{13353D5A-824C-4939-A253-69F1607F17E2}.Release|Any CPU.Build.0 = Release|Any CPU
		{13353D5A-824C-4939-A253-69F1607F17E2}.Release|x64.ActiveCfg = Release|Any CPU
		{13353D5A-824C-4939-A253-69F1607F17E2}.Release|x64.Build.0 = Release|Any CPU
		{13353D5A-824C-4939-A253-69F1607F17E2}.Release|x86.ActiveCfg = Release|Any CPU
		{13353D5A-824C-4939-A253-69F1607F17E2}.Release|x86.Build.0 = Release|Any CPU
		{DE66AEED-4592-411C-A3D2-3F36D262A5EA}.Debug|Any CPU.ActiveCfg = Debug|Any CPU
		{DE66AEED-4592-411C-A3D2-3F36D262A5EA}.Debug|Any CPU.Build.0 = Debug|Any CPU
		{DE66AEED-4592-411C-A3D2-3F36D262A5EA}.Debug|x64.ActiveCfg = Debug|Any CPU
		{DE66AEED-4592-411C-A3D2-3F36D262A5EA}.Debug|x64.Build.0 = Debug|Any CPU
		{DE66AEED-4592-411C-A3D2-3F36D262A5EA}.Debug|x86.ActiveCfg = Debug|Any CPU
		{DE66AEED-4592-411C-A3D2-3F36D262A5EA}.Debug|x86.Build.0 = Debug|Any CPU
		{DE66AEED-4592-411C-A3D2-3F36D262A5EA}.Release|Any CPU.ActiveCfg = Release|Any CPU
		{DE66AEED-4592-411C-A3D2-3F36D262A5EA}.Release|Any CPU.Build.0 = Release|Any CPU
		{DE66AEED-4592-411C-A3D2-3F36D262A5EA}.Release|x64.ActiveCfg = Release|Any CPU
		{DE66AEED-4592-411C-A3D2-3F36D262A5EA}.Release|x64.Build.0 = Release|Any CPU
		{DE66AEED-4592-411C-A3D2-3F36D262A5EA}.Release|x86.ActiveCfg = Release|Any CPU
		{DE66AEED-4592-411C-A3D2-3F36D262A5EA}.Release|x86.Build.0 = Release|Any CPU
	EndGlobalSection
EndGlobal
